
Microsoft Visual Studio Solution File, Format Version 12.00
# Visual Studio Version 17
VisualStudioVersion = 17.8.34330.188
MinimumVisualStudioVersion = 10.0.40219.1
Project("{FAE04EC0-301F-11D3-BF4B-00C04F79EFBC}") = "Gateway", "Gateway\Gateway.csproj", "{F56A2791-ED96-4D3E-9C67-5A5E67D11E66}"
EndProject
Global
	GlobalSection(SolutionConfigurationPlatforms) = preSolution
		Debug|Any CPU = Debug|Any CPU
		Release|Any CPU = Release|Any CPU
	EndGlobalSection
	GlobalSection(ProjectConfigurationPlatforms) = postSolution
		{F56A2791-ED96-4D3E-9C67-5A5E67D11E66}.Debug|Any CPU.ActiveCfg = Debug|Any CPU
		{F56A2791-ED96-4D3E-9C67-5A5E67D11E66}.Debug|Any CPU.Build.0 = Debug|Any CPU
		{F56A2791-ED96-4D3E-9C67-5A5E67D11E66}.Release|Any CPU.ActiveCfg = Release|Any CPU
		{F56A2791-ED96-4D3E-9C67-5A5E67D11E66}.Release|Any CPU.Build.0 = Release|Any CPU
	EndGlobalSection
	GlobalSection(SolutionProperties) = preSolution
		HideSolutionNode = FALSE
	EndGlobalSection
	GlobalSection(ExtensibilityGlobals) = postSolution
		SolutionGuid = {1478E86E-6F67-4CFD-B5D9-B93CC140813C}
	EndGlobalSection
EndGlobal
